
Microsoft Visual Studio Solution File, Format Version 12.00
# Visual Studio 15
VisualStudioVersion = 15.0.27130.2036
MinimumVisualStudioVersion = 10.0.40219.1
Project("{FAE04EC0-301F-11D3-BF4B-00C04F79EFBC}") = "business.ui", "business.ui\business.ui.csproj", "{5D29A8AF-6AAB-4141-8DC3-1E06E1CA1730}"
EndProject
Project("{FAE04EC0-301F-11D3-BF4B-00C04F79EFBC}") = "business", "business\business.csproj", "{9488BEF4-D28E-4064-8BCB-64F597E7471B}"
EndProject
Project("{FAE04EC0-301F-11D3-BF4B-00C04F79EFBC}") = "WEB BUSINESS", "WEB BUSINESS\WEB BUSINESS.csproj", "{E427E5C6-E8B0-4102-8507-0C1B3C9ECF57}"
EndProject
Project("{FAE04EC0-301F-11D3-BF4B-00C04F79EFBC}") = "License Generator", "License Generator\License Generator.csproj", "{9D5DE106-CF18-4FD7-830C-A1CD912173F5}"
EndProject
Global
	GlobalSection(SolutionConfigurationPlatforms) = preSolution
		Debug|Any CPU = Debug|Any CPU
		Release|Any CPU = Release|Any CPU
	EndGlobalSection
	GlobalSection(ProjectConfigurationPlatforms) = postSolution
		{5D29A8AF-6AAB-4141-8DC3-1E06E1CA1730}.Debug|Any CPU.ActiveCfg = Debug|Any CPU
		{5D29A8AF-6AAB-4141-8DC3-1E06E1CA1730}.Debug|Any CPU.Build.0 = Debug|Any CPU
		{5D29A8AF-6AAB-4141-8DC3-1E06E1CA1730}.Release|Any CPU.ActiveCfg = Release|Any CPU
		{5D29A8AF-6AAB-4141-8DC3-1E06E1CA1730}.Release|Any CPU.Build.0 = Release|Any CPU
		{9488BEF4-D28E-4064-8BCB-64F597E7471B}.Debug|Any CPU.ActiveCfg = Debug|Any CPU
		{9488BEF4-D28E-4064-8BCB-64F597E7471B}.Debug|Any CPU.Build.0 = Debug|Any CPU
		{9488BEF4-D28E-4064-8BCB-64F597E7471B}.Release|Any CPU.ActiveCfg = Release|Any CPU
		{9488BEF4-D28E-4064-8BCB-64F597E7471B}.Release|Any CPU.Build.0 = Release|Any CPU
		{E427E5C6-E8B0-4102-8507-0C1B3C9ECF57}.Debug|Any CPU.ActiveCfg = Debug|Any CPU
		{E427E5C6-E8B0-4102-8507-0C1B3C9ECF57}.Debug|Any CPU.Build.0 = Debug|Any CPU
		{E427E5C6-E8B0-4102-8507-0C1B3C9ECF57}.Release|Any CPU.ActiveCfg = Release|Any CPU
		{E427E5C6-E8B0-4102-8507-0C1B3C9ECF57}.Release|Any CPU.Build.0 = Release|Any CPU
		{9D5DE106-CF18-4FD7-830C-A1CD912173F5}.Debug|Any CPU.ActiveCfg = Debug|Any CPU
		{9D5DE106-CF18-4FD7-830C-A1CD912173F5}.Debug|Any CPU.Build.0 = Debug|Any CPU
		{9D5DE106-CF18-4FD7-830C-A1CD912173F5}.Release|Any CPU.ActiveCfg = Release|Any CPU
		{9D5DE106-CF18-4FD7-830C-A1CD912173F5}.Release|Any CPU.Build.0 = Release|Any CPU
	EndGlobalSection
	GlobalSection(SolutionProperties) = preSolution
		HideSolutionNode = FALSE
	EndGlobalSection
	GlobalSection(ExtensibilityGlobals) = postSolution
		SolutionGuid = {72846B25-9D0C-4A53-8033-96E8E507923B}
	EndGlobalSection
EndGlobal
